<?xml version="1.0" encoding="utf-8"?>
<Project ToolsVersion="4.0" xmlns="http://schemas.microsoft.com/developer/msbuild/2003">
  <ItemGroup>
    <Filter Include="Source Files">
      <UniqueIdentifier>{9d0dd44a-4662-408c-9d0b-75ca7bf16e9f}</UniqueIdentifier>
      <Extensions>cpp;c;cxx;rc;def;r;odl;idl;hpj;bat</Extensions>
    </Filter>
    <Filter Include="Header Files">
      <UniqueIdentifier>{ff6a8034-e60c-40ec-b06d-b5a76cc6c837}</UniqueIdentifier>
      <Extensions>h;hpp;hxx;hm;inl</Extensions>
    </Filter>
    <Filter Include="Resource Files">
      <UniqueIdentifier>{03485f6f-7488-4f69-a0e1-629eafabc13c}</UniqueIdentifier>
      <Extensions>ico;cur;bmp;dlg;rc2;rct;bin;rgs;gif;jpg;jpeg;jpe</Extensions>
    </Filter>
    <Filter Include="Common Files">
      <UniqueIdentifier>{3bfd4bd6-c94f-4b04-aeab-b7baf3f27cb3}</UniqueIdentifier>
    </Filter>
  </ItemGroup>
  <ItemGroup>
    <ClCompile Include="..\NamesInc.cpp">
      <Filter>Source Files</Filter>
    </ClCompile>
    <ClCompile Include="StdAfx.cpp">
      <Filter>Source Files</Filter>
    </ClCompile>
    <ClCompile Include="ToolBand.cpp">
      <Filter>Source Files</Filter>
    </ClCompile>
    <ClCompile Include="..\BandToolBarCtrl.cpp">
      <Filter>Common Files</Filter>
    </ClCompile>
    <ClCompile Include="..\BandToolBarCtrlCRCImpl.cpp">
      <Filter>Common Files</Filter>
    </ClCompile>
    <ClCompile Include="..\BandToolBarCtrlFindImpl.cpp">
      <Filter>Common Files</Filter>
    </ClCompile>
    <ClCompile Include="..\ToolBandObj.cpp">
      <Filter>Common Files</Filter>
    </ClCompile>
    <ClCompile Include="..\UrlEncodeImpl.cpp">
      <Filter>Common Files</Filter>
    </ClCompile>
    <ClCompile Include="..\XmlParser.cpp">
      <Filter>Common Files</Filter>
    </ClCompile>
    <ClCompile Include="..\XmlParserImpl.cpp">
      <Filter>Common Files</Filter>
    </ClCompile>
    <ClCompile Include="..\utils.cpp">
      <Filter>Common Files</Filter>
    </ClCompile>
  </ItemGroup>
  <ItemGroup>
    <None Include="ToolBand.def">
      <Filter>Source Files</Filter>
    </None>
    <None Include="ToolBandObj.rgs">
      <Filter>Resource Files</Filter>
    </None>
    <None Include="..\BandEditCtrl.inl">
      <Filter>Common Files</Filter>
    </None>
  </ItemGroup>
  <ItemGroup>
    <Midl Include="ToolBand.idl">
      <Filter>Source Files</Filter>
    </Midl>
  </ItemGroup>
  <ItemGroup>
    <ResourceCompile Include="ToolBand.rc">
      <Filter>Source Files</Filter>
    </ResourceCompile>
  </ItemGroup>
  <ItemGroup>
    <ClInclude Include="Resource.h">
      <Filter>Header Files</Filter>
    </ClInclude>
    <ClInclude Include="StdAfx.h">
      <Filter>Header Files</Filter>
    </ClInclude>
    <ClInclude Include="ToolBand.h">
      <Filter>Header Files</Filter>
    </ClInclude>
    <ClInclude Include="..\ApoBaseMembers.h">
      <Filter>Common Files</Filter>
    </ClInclude>
    <ClInclude Include="..\BandToolBarCtrl.h">
      <Filter>Common Files</Filter>
    </ClInclude>
    <ClInclude Include="..\Exceptions.h">
      <Filter>Common Files</Filter>
    </ClInclude>
    <ClInclude Include="..\ToolBand.h">
      <Filter>Common Files</Filter>
    </ClInclude>
    <ClInclude Include="..\ToolBandObj.h">
      <Filter>Common Files</Filter>
    </ClInclude>
    <ClInclude Include="..\XmlParser.h">
      <Filter>Common Files</Filter>
    </ClInclude>
    <ClInclude Include="..\XmlParserImpl.h">
      <Filter>Common Files</Filter>
    </ClInclude>
    <ClInclude Include="..\dhtmlEvent.h">
      <Filter>Common Files</Filter>
    </ClInclude>
    <ClInclude Include="..\resource.h">
      <Filter>Common Files</Filter>
    </ClInclude>
    <ClInclude Include="..\utils.h">
      <Filter>Common Files</Filter>
    </ClInclude>
  </ItemGroup>
</Project>